
Microsoft Visual Studio Solution File, Format Version 12.00
Project("{FAE04EC0-301F-11D3-BF4B-00C04F79EFBC}") = "CustomChatFormat", "CustomChatFormat.csproj", "{5AC47403-E33F-4923-97DB-4E8AA692B966}"
EndProject
Global
	GlobalSection(SolutionConfigurationPlatforms) = preSolution
		Debug|Any CPU = Debug|Any CPU
		Release|Any CPU = Release|Any CPU
	EndGlobalSection
	GlobalSection(ProjectConfigurationPlatforms) = postSolution
		{5AC47403-E33F-4923-97DB-4E8AA692B966}.Debug|Any CPU.ActiveCfg = Debug|Any CPU
		{5AC47403-E33F-4923-97DB-4E8AA692B966}.Debug|Any CPU.Build.0 = Debug|Any CPU
		{5AC47403-E33F-4923-97DB-4E8AA692B966}.Release|Any CPU.ActiveCfg = Release|Any CPU
		{5AC47403-E33F-4923-97DB-4E8AA692B966}.Release|Any CPU.Build.0 = Release|Any CPU
	EndGlobalSection
EndGlobal
